
Microsoft Visual Studio Solution File, Format Version 12.00
# Visual Studio 2012
Project("{FAE04EC0-301F-11D3-BF4B-00C04F79EFBC}") = "UIAulas", "UIAulas\UIAulas.csproj", "{43352339-7D28-41FD-90F6-05ADFFC87F5F}"
EndProject
Project("{FAE04EC0-301F-11D3-BF4B-00C04F79EFBC}") = "EntidadesAula", "EntidadesAula\EntidadesAula.csproj", "{50809E7F-6C88-4082-BA75-7144CF269823}"
EndProject
Global
	GlobalSection(SolutionConfigurationPlatforms) = preSolution
		Debug|Any CPU = Debug|Any CPU
		Release|Any CPU = Release|Any CPU
	EndGlobalSection
	GlobalSection(ProjectConfigurationPlatforms) = postSolution
		{43352339-7D28-41FD-90F6-05ADFFC87F5F}.Debug|Any CPU.ActiveCfg = Debug|Any CPU
		{43352339-7D28-41FD-90F6-05ADFFC87F5F}.Debug|Any CPU.Build.0 = Debug|Any CPU
		{43352339-7D28-41FD-90F6-05ADFFC87F5F}.Release|Any CPU.ActiveCfg = Release|Any CPU
		{43352339-7D28-41FD-90F6-05ADFFC87F5F}.Release|Any CPU.Build.0 = Release|Any CPU
		{50809E7F-6C88-4082-BA75-7144CF269823}.Debug|Any CPU.ActiveCfg = Debug|Any CPU
		{50809E7F-6C88-4082-BA75-7144CF269823}.Debug|Any CPU.Build.0 = Debug|Any CPU
		{50809E7F-6C88-4082-BA75-7144CF269823}.Release|Any CPU.ActiveCfg = Release|Any CPU
		{50809E7F-6C88-4082-BA75-7144CF269823}.Release|Any CPU.Build.0 = Release|Any CPU
	EndGlobalSection
	GlobalSection(SolutionProperties) = preSolution
		HideSolutionNode = FALSE
	EndGlobalSection
EndGlobal
