
Microsoft Visual Studio Solution File, Format Version 12.00
# Visual Studio 2012
Project("{FAE04EC0-301F-11D3-BF4B-00C04F79EFBC}") = "Calculadora", "Calculadora\Calculadora.csproj", "{A3F235C6-6AB8-4BCA-B82F-7E91069A33E7}"
EndProject
Project("{FAE04EC0-301F-11D3-BF4B-00C04F79EFBC}") = "Clases", "Clases\Clases.csproj", "{21319F37-94A6-45B1-BCAA-047D3DE0C751}"
EndProject
Global
	GlobalSection(SolutionConfigurationPlatforms) = preSolution
		Debug|Any CPU = Debug|Any CPU
		Release|Any CPU = Release|Any CPU
	EndGlobalSection
	GlobalSection(ProjectConfigurationPlatforms) = postSolution
		{A3F235C6-6AB8-4BCA-B82F-7E91069A33E7}.Debug|Any CPU.ActiveCfg = Debug|Any CPU
		{A3F235C6-6AB8-4BCA-B82F-7E91069A33E7}.Debug|Any CPU.Build.0 = Debug|Any CPU
		{A3F235C6-6AB8-4BCA-B82F-7E91069A33E7}.Release|Any CPU.ActiveCfg = Release|Any CPU
		{A3F235C6-6AB8-4BCA-B82F-7E91069A33E7}.Release|Any CPU.Build.0 = Release|Any CPU
		{21319F37-94A6-45B1-BCAA-047D3DE0C751}.Debug|Any CPU.ActiveCfg = Debug|Any CPU
		{21319F37-94A6-45B1-BCAA-047D3DE0C751}.Debug|Any CPU.Build.0 = Debug|Any CPU
		{21319F37-94A6-45B1-BCAA-047D3DE0C751}.Release|Any CPU.ActiveCfg = Release|Any CPU
		{21319F37-94A6-45B1-BCAA-047D3DE0C751}.Release|Any CPU.Build.0 = Release|Any CPU
	EndGlobalSection
	GlobalSection(SolutionProperties) = preSolution
		HideSolutionNode = FALSE
	EndGlobalSection
EndGlobal
